
Microsoft Visual Studio Solution File, Format Version 12.00
# Visual Studio Version 17
VisualStudioVersion = 17.10.35122.118
MinimumVisualStudioVersion = 10.0.40219.1
Project("{FAE04EC0-301F-11D3-BF4B-00C04F79EFBC}") = "MunicapServicesApp", "MunicapServicesApp\MunicapServicesApp.csproj", "{FBBEB8D7-D1C2-4A9A-81A4-E8EBFDD1B767}"
EndProject
Global
	GlobalSection(SolutionConfigurationPlatforms) = preSolution
		Debug|Any CPU = Debug|Any CPU
		Release|Any CPU = Release|Any CPU
	EndGlobalSection
	GlobalSection(ProjectConfigurationPlatforms) = postSolution
		{FBBEB8D7-D1C2-4A9A-81A4-E8EBFDD1B767}.Debug|Any CPU.ActiveCfg = Debug|Any CPU
		{FBBEB8D7-D1C2-4A9A-81A4-E8EBFDD1B767}.Debug|Any CPU.Build.0 = Debug|Any CPU
		{FBBEB8D7-D1C2-4A9A-81A4-E8EBFDD1B767}.Release|Any CPU.ActiveCfg = Release|Any CPU
		{FBBEB8D7-D1C2-4A9A-81A4-E8EBFDD1B767}.Release|Any CPU.Build.0 = Release|Any CPU
	EndGlobalSection
	GlobalSection(SolutionProperties) = preSolution
		HideSolutionNode = FALSE
	EndGlobalSection
	GlobalSection(ExtensibilityGlobals) = postSolution
		SolutionGuid = {365DCD89-BD91-496D-8ED6-46A04C3DBD1F}
	EndGlobalSection
EndGlobal
